
Microsoft Visual Studio Solution File, Format Version 12.00
# Visual Studio Version 17
VisualStudioVersion = 17.0.32014.148
MinimumVisualStudioVersion = 10.0.40219.1
Project("{2150E333-8FDC-42A3-9474-1A3956D46DE8}") = "Services", "Services", "{2787405E-A155-4655-8C03-93BB2EA12CE3}"
EndProject
Project("{2150E333-8FDC-42A3-9474-1A3956D46DE8}") = "Catalog", "Catalog", "{7508A514-CCE3-4385-BDD2-BC7C52FE1D0A}"
EndProject
Project("{FAE04EC0-301F-11D3-BF4B-00C04F79EFBC}") = "Catalog.API", "Services\Catalog\Catalog.API\Catalog.API.csproj", "{C6214E16-DD11-471A-B92F-F9E09EAA850E}"
EndProject
Global
	GlobalSection(SolutionConfigurationPlatforms) = preSolution
		Debug|Any CPU = Debug|Any CPU
		Release|Any CPU = Release|Any CPU
	EndGlobalSection
	GlobalSection(ProjectConfigurationPlatforms) = postSolution
		{C6214E16-DD11-471A-B92F-F9E09EAA850E}.Debug|Any CPU.ActiveCfg = Debug|Any CPU
		{C6214E16-DD11-471A-B92F-F9E09EAA850E}.Debug|Any CPU.Build.0 = Debug|Any CPU
		{C6214E16-DD11-471A-B92F-F9E09EAA850E}.Release|Any CPU.ActiveCfg = Release|Any CPU
		{C6214E16-DD11-471A-B92F-F9E09EAA850E}.Release|Any CPU.Build.0 = Release|Any CPU
	EndGlobalSection
	GlobalSection(SolutionProperties) = preSolution
		HideSolutionNode = FALSE
	EndGlobalSection
	GlobalSection(NestedProjects) = preSolution
		{7508A514-CCE3-4385-BDD2-BC7C52FE1D0A} = {2787405E-A155-4655-8C03-93BB2EA12CE3}
		{C6214E16-DD11-471A-B92F-F9E09EAA850E} = {7508A514-CCE3-4385-BDD2-BC7C52FE1D0A}
	EndGlobalSection
	GlobalSection(ExtensibilityGlobals) = postSolution
		SolutionGuid = {B3A50C81-8721-4DAF-A7E7-0CD71B16C611}
	EndGlobalSection
EndGlobal
